
Microsoft Visual Studio Solution File, Format Version 12.00
# Visual Studio Version 17
VisualStudioVersion = 17.3.32922.545
MinimumVisualStudioVersion = 10.0.40219.1
Project("{FAE04EC0-301F-11D3-BF4B-00C04F79EFBC}") = "FastTaskLoaderMarketplaceReports", "FastTaskLoaderMarketplaceReports\FastTaskLoaderMarketplaceReports.csproj", "{1A3F0D52-D469-45C9-881E-E06D6E3E49BD}"
EndProject
Global
	GlobalSection(SolutionConfigurationPlatforms) = preSolution
		Debug|Any CPU = Debug|Any CPU
		Release|Any CPU = Release|Any CPU
	EndGlobalSection
	GlobalSection(ProjectConfigurationPlatforms) = postSolution
		{1A3F0D52-D469-45C9-881E-E06D6E3E49BD}.Debug|Any CPU.ActiveCfg = Debug|Any CPU
		{1A3F0D52-D469-45C9-881E-E06D6E3E49BD}.Debug|Any CPU.Build.0 = Debug|Any CPU
		{1A3F0D52-D469-45C9-881E-E06D6E3E49BD}.Release|Any CPU.ActiveCfg = Release|Any CPU
		{1A3F0D52-D469-45C9-881E-E06D6E3E49BD}.Release|Any CPU.Build.0 = Release|Any CPU
	EndGlobalSection
	GlobalSection(SolutionProperties) = preSolution
		HideSolutionNode = FALSE
	EndGlobalSection
	GlobalSection(ExtensibilityGlobals) = postSolution
		SolutionGuid = {A299E103-B1C7-434D-81D7-C3ED31549598}
	EndGlobalSection
EndGlobal
